
Microsoft Visual Studio Solution File, Format Version 11.00
# Visual Studio 2010
Project("{FAE04EC0-301F-11D3-BF4B-00C04F79EFBC}") = "PNGCS", "PNGCS.csproj", "{207e25dc-d196-f290-5f1c-7bb9d11d6dd9}"
EndProject
Project("{FAE04EC0-301F-11D3-BF4B-00C04F79EFBC}") = "Assembly-CSharp", "Assembly-CSharp.csproj", "{319791d6-89cf-4e9f-bcab-0e59f0eb3556}"
EndProject
Global
	GlobalSection(SolutionConfigurationPlatforms) = preSolution
		Debug|Any CPU = Debug|Any CPU
	EndGlobalSection
	GlobalSection(ProjectConfigurationPlatforms) = postSolution
		{207e25dc-d196-f290-5f1c-7bb9d11d6dd9}.Debug|Any CPU.ActiveCfg = Debug|Any CPU
		{207e25dc-d196-f290-5f1c-7bb9d11d6dd9}.Debug|Any CPU.Build.0 = Debug|Any CPU
		{319791d6-89cf-4e9f-bcab-0e59f0eb3556}.Debug|Any CPU.ActiveCfg = Debug|Any CPU
		{319791d6-89cf-4e9f-bcab-0e59f0eb3556}.Debug|Any CPU.Build.0 = Debug|Any CPU
	EndGlobalSection
	GlobalSection(SolutionProperties) = preSolution
		HideSolutionNode = FALSE
	EndGlobalSection
EndGlobal
